
Microsoft Visual Studio Solution File, Format Version 12.00
# Visual Studio 2012
Project("{2857B73E-F847-4B02-9238-064979017E93}") = "flac", "flac.cproj", "{F4443488-BC8C-422A-9EAC-5285E18A1E40}"
EndProject
Project("{2857B73E-F847-4B02-9238-064979017E93}") = "lame", "lame.cproj", "{F4443488-BC8C-422A-9EAC-5285E18A1E41}"
EndProject
Project("{2857B73E-F847-4B02-9238-064979017E93}") = "mpg123", "mpg123.cproj", "{F4443488-BC8C-422A-9EAC-5285E18A1E42}"
EndProject
Project("{2857B73E-F847-4B02-9238-064979017E93}") = "ogg", "ogg.cproj", "{F4443488-BC8C-422A-9EAC-5285E18A1E43}"
EndProject
Project("{2857B73E-F847-4B02-9238-064979017E93}") = "vorbis", "vorbis.cproj", "{F4443488-BC8C-422A-9EAC-5285E18A1E44}"
EndProject
Global
	GlobalSection(SolutionConfigurationPlatforms) = preSolution
		Debug|x64 = Debug|x64
		Release|x64 = Release|x64
	EndGlobalSection
	GlobalSection(ProjectConfigurationPlatforms) = postSolution
		{F4443488-BC8C-422A-9EAC-5285E18A1E40}.Debug|x64.ActiveCfg = Debug|x64
		{F4443488-BC8C-422A-9EAC-5285E18A1E41}.Debug|x64.ActiveCfg = Debug|x64
		{F4443488-BC8C-422A-9EAC-5285E18A1E42}.Debug|x64.ActiveCfg = Debug|x64
		{F4443488-BC8C-422A-9EAC-5285E18A1E43}.Debug|x64.ActiveCfg = Debug|x64
		{F4443488-BC8C-422A-9EAC-5285E18A1E44}.Debug|x64.ActiveCfg = Debug|x64
		{F4443488-BC8C-422A-9EAC-5285E18A1E40}.Debug|x64.Build.0 = Debug|x64
		{F4443488-BC8C-422A-9EAC-5285E18A1E41}.Debug|x64.Build.0 = Debug|x64
		{F4443488-BC8C-422A-9EAC-5285E18A1E42}.Debug|x64.Build.0 = Debug|x64
		{F4443488-BC8C-422A-9EAC-5285E18A1E43}.Debug|x64.Build.0 = Debug|x64
		{F4443488-BC8C-422A-9EAC-5285E18A1E44}.Debug|x64.Build.0 = Debug|x64
		{F4443488-BC8C-422A-9EAC-5285E18A1E40}.Release|x64.ActiveCfg = Release|x64
		{F4443488-BC8C-422A-9EAC-5285E18A1E41}.Release|x64.ActiveCfg = Release|x64
		{F4443488-BC8C-422A-9EAC-5285E18A1E42}.Release|x64.ActiveCfg = Release|x64
		{F4443488-BC8C-422A-9EAC-5285E18A1E43}.Release|x64.ActiveCfg = Release|x64
		{F4443488-BC8C-422A-9EAC-5285E18A1E44}.Release|x64.ActiveCfg = Release|x64
		{F4443488-BC8C-422A-9EAC-5285E18A1E40}.Release|x64.Build.0 = Release|x64
		{F4443488-BC8C-422A-9EAC-5285E18A1E41}.Release|x64.Build.0 = Release|x64
		{F4443488-BC8C-422A-9EAC-5285E18A1E42}.Release|x64.Build.0 = Release|x64
		{F4443488-BC8C-422A-9EAC-5285E18A1E43}.Release|x64.Build.0 = Release|x64
		{F4443488-BC8C-422A-9EAC-5285E18A1E44}.Release|x64.Build.0 = Release|x64
	EndGlobalSection
EndGlobal
